
Microsoft Visual Studio Solution File, Format Version 12.00
# Visual Studio Version 17
VisualStudioVersion = 17.4.33213.308
MinimumVisualStudioVersion = 10.0.40219.1
Project("{FAE04EC0-301F-11D3-BF4B-00C04F79EFBC}") = "MoodAnalyser", "MoodAnalyser\MoodAnalyser.csproj", "{391443CC-CFB9-4031-AE8D-C4A75344EE36}"
EndProject
Global
	GlobalSection(SolutionConfigurationPlatforms) = preSolution
		Debug|Any CPU = Debug|Any CPU
		Release|Any CPU = Release|Any CPU
	EndGlobalSection
	GlobalSection(ProjectConfigurationPlatforms) = postSolution
		{391443CC-CFB9-4031-AE8D-C4A75344EE36}.Debug|Any CPU.ActiveCfg = Debug|Any CPU
		{391443CC-CFB9-4031-AE8D-C4A75344EE36}.Debug|Any CPU.Build.0 = Debug|Any CPU
		{391443CC-CFB9-4031-AE8D-C4A75344EE36}.Release|Any CPU.ActiveCfg = Release|Any CPU
		{391443CC-CFB9-4031-AE8D-C4A75344EE36}.Release|Any CPU.Build.0 = Release|Any CPU
	EndGlobalSection
	GlobalSection(SolutionProperties) = preSolution
		HideSolutionNode = FALSE
	EndGlobalSection
	GlobalSection(ExtensibilityGlobals) = postSolution
		SolutionGuid = {8AF5A294-FA4C-427E-B039-49CDAB7CB293}
	EndGlobalSection
EndGlobal
